// !$*UTF8*$!
{
	archiveVersion = 1;
	classes = {
	};
	objectVersion = 50;
	objects = {

/* Begin PBXBuildFile section */
		328C2CA2255DD33E00F92D6B /* AppDelegate.swift in Sources */ = {isa = PBXBuildFile; fileRef = 328C2CA1255DD33E00F92D6B /* AppDelegate.swift */; };
		328C2CA4255DD33E00F92D6B /* SceneDelegate.swift in Sources */ = {isa = PBXBuildFile; fileRef = 328C2CA3255DD33E00F92D6B /* SceneDelegate.swift */; };
		328C2CA6255DD33E00F92D6B /* ViewController.swift in Sources */ = {isa = PBXBuildFile; fileRef = 328C2CA5255DD33E00F92D6B /* ViewController.swift */; };
		328C2CA9255DD33E00F92D6B /* Main.storyboard in Resources */ = {isa = PBXBuildFile; fileRef = 328C2CA7255DD33E00F92D6B /* Main.storyboard */; };
		328C2CAB255DD34300F92D6B /* Assets.xcassets in Resources */ = {isa = PBXBuildFile; fileRef = 328C2CAA255DD34300F92D6B /* Assets.xcassets */; };
		328C2CAE255DD34300F92D6B /* LaunchScreen.storyboard in Resources */ = {isa = PBXBuildFile; fileRef = 328C2CAC255DD34300F92D6B /* LaunchScreen.storyboard */; };
/* End PBXBuildFile section */

/* Begin PBXFileReference section */
		328C2C9E255DD33E00F92D6B /* finalappMultiply.app */ = {isa = PBXFileReference; explicitFileType = wrapper.application; includeInIndex = 0; path = finalappMultiply.app; sourceTree = BUILT_PRODUCTS_DIR; };
		328C2CA1255DD33E00F92D6B /* AppDelegate.swift */ = {isa = PBXFileReference; lastKnownFileType = sourcecode.swift; path = AppDelegate.swift; sourceTree = "<group>"; };
		328C2CA3255DD33E00F92D6B /* SceneDelegate.swift */ = {isa = PBXFileReference; lastKnownFileType = sourcecode.swift; path = SceneDelegate.swift; sourceTree = "<group>"; };
		328C2CA5255DD33E00F92D6B /* ViewController.swift */ = {isa = PBXFileReference; lastKnownFileType = sourcecode.swift; path = ViewController.swift; sourceTree = "<group>"; };
		328C2CA8255DD33E00F92D6B /* Base */ = {isa = PBXFileReference; lastKnownFileType = file.storyboard; name = Base; path = Base.lproj/Main.storyboard; sourceTree = "<group>"; };
		328C2CAA255DD34300F92D6B /* Assets.xcassets */ = {isa = PBXFileReference; lastKnownFileType = folder.assetcatalog; path = Assets.xcassets; sourceTree = "<group>"; };
		328C2CAD255DD34300F92D6B /* Base */ = {isa = PBXFileReference; lastKnownFileType = file.storyboard; name = Base; path = Base.lproj/LaunchScreen.storyboard; sourceTree = "<group>"; };
		328C2CAF255DD34300F92D6B /* Info.plist */ = {isa = PBXFileReference; lastKnownFileType = text.plist.xml; path = Info.plist; sourceTree = "<group>"; };
/* End PBXFileReference section */

/* Begin PBXFrameworksBuildPhase section */
		328C2C9B255DD33E00F92D6B /* Frameworks */ = {
			isa = PBXFrameworksBuildPhase;
			buildActionMask = 2147483647;
			files = (
			);
			runOnlyForDeploymentPostprocessing = 0;
		};
/* End PBXFrameworksBuildPhase section */

/* Begin PBXGroup section */
		328C2C95255DD33E00F92D6B = {
			isa = PBXGroup;
			children = (
				328C2CA0255DD33E00F92D6B /* finalappMultiply */,
				328C2C9F255DD33E00F92D6B /* Products */,
			);
			sourceTree = "<group>";
		};
		328C2C9F255DD33E00F92D6B /* Products */ = {
			isa = PBXGroup;
			children = (
				328C2C9E255DD33E00F92D6B /* finalappMultiply.app */,
			);
			name = Products;
			sourceTree = "<group>";
		};
		328C2CA0255DD33E00F92D6B /* finalappMultiply */ = {
			isa = PBXGroup;
			children = (
				328C2CA1255DD33E00F92D6B /* AppDelegate.swift */,
				328C2CA3255DD33E00F92D6B /* SceneDelegate.swift */,
				328C2CA5255DD33E00F92D6B /* ViewController.swift */,
				328C2CA7255DD33E00F92D6B /* Main.storyboard */,
				328C2CAA255DD34300F92D6B /* Assets.xcassets */,
				328C2CAC255DD34300F92D6B /* LaunchScreen.storyboard */,
				328C2CAF255DD34300F92D6B /* Info.plist */,
			);
			path = finalappMultiply;
			sourceTree = "<group>";
		};
/* End PBXGroup section */

/* Begin PBXNativeTarget section */
		328C2C9D255DD33E00F92D6B /* finalappMultiply */ = {
			isa = PBXNativeTarget;
			buildConfigurationList = 328C2CB2255DD34300F92D6B /* Build configuration list for PBXNativeTarget "finalappMultiply" */;
			buildPhases = (
				328C2C9A255DD33E00F92D6B /* Sources */,
				328C2C9B255DD33E00F92D6B /* Frameworks */,
				328C2C9C255DD33E00F92D6B /* Resources */,
			);
			buildRules = (
			);
			dependencies = (
			);
			name = finalappMultiply;
			productName = finalappMultiply;
			productReference = 328C2C9E255DD33E00F92D6B /* finalappMultiply.app */;
			productType = "com.apple.product-type.application";
		};
/* End PBXNativeTarget section */

/* Begin PBXProject section */
		328C2C96255DD33E00F92D6B /* Project object */ = {
			isa = PBXProject;
			attributes = {
				LastSwiftUpdateCheck = 1170;
				LastUpgradeCheck = 1170;
				ORGANIZATIONNAME = "Neslisah Kahraman";
				TargetAttributes = {
					328C2C9D255DD33E00F92D6B = {
						CreatedOnToolsVersion = 11.7;
					};
				};
			};
			buildConfigurationList = 328C2C99255DD33E00F92D6B /* Build configuration list for PBXProject "finalappMultiply" */;
			compatibilityVersion = "Xcode 9.3";
			developmentRegion = en;
			hasScannedForEncodings = 0;
			knownRegions = (
				en,
				Base,
			);
			mainGroup = 328C2C95255DD33E00F92D6B;
			productRefGroup = 328C2C9F255DD33E00F92D6B /* Products */;
			projectDirPath = "";
			projectRoot = "";
			targets = (
				328C2C9D255DD33E00F92D6B /* finalappMultiply */,
			);
		};
/* End PBXProject section */

/* Begin PBXResourcesBuildPhase section */
		328C2C9C255DD33E00F92D6B /* Resources */ = {
			isa = PBXResourcesBuildPhase;
			buildActionMask = 2147483647;
			files = (
				328C2CAE255DD34300F92D6B /* LaunchScreen.storyboard in Resources */,
				328C2CAB255DD34300F92D6B /* Assets.xcassets in Resources */,
				328C2CA9255DD33E00F92D6B /* Main.storyboard in Resources */,
			);
			runOnlyForDeploymentPostprocessing = 0;
		};
/* End PBXResourcesBuildPhase section */

/* Begin PBXSourcesBuildPhase section */
		328C2C9A255DD33E00F92D6B /* Sources */ = {
			isa = PBXSourcesBuildPhase;
			buildActionMask = 2147483647;
			files = (
				328C2CA6255DD33E00F92D6B /* ViewController.swift in Sources */,
				328C2CA2255DD33E00F92D6B /* AppDelegate.swift in Sources */,
				328C2CA4255DD33E00F92D6B /* SceneDelegate.swift in Sources */,
			);
			runOnlyForDeploymentPostprocessing = 0;
		};
/* End PBXSourcesBuildPhase section */

/* Begin PBXVariantGroup section */
		328C2CA7255DD33E00F92D6B /* Main.storyboard */ = {
			isa = PBXVariantGroup;
			children = (
				328C2CA8255DD33E00F92D6B /* Base */,
			);
			name = Main.storyboard;
			sourceTree = "<group>";
		};
		328C2CAC255DD34300F92D6B /* LaunchScreen.storyboard */ = {
			isa = PBXVariantGroup;
			children = (
				328C2CAD255DD34300F92D6B /* Base */,
			);
			name = LaunchScreen.storyboard;
			sourceTree = "<group>";
		};
/* End PBXVariantGroup section */

/* Begin XCBuildConfiguration section */
		328C2CB0255DD34300F92D6B /* Debug */ = {
			isa = XCBuildConfiguration;
			buildSettings = {
				ALWAYS_SEARCH_USER_PATHS = NO;
				CLANG_ANALYZER_NONNULL = YES;
				CLANG_ANALYZER_NUMBER_OBJECT_CONVERSION = YES_AGGRESSIVE;
				CLANG_CXX_LANGUAGE_STANDARD = "gnu++14";
				CLANG_CXX_LIBRARY = "libc++";
				CLANG_ENABLE_MODULES = YES;
				CLANG_ENABLE_OBJC_ARC = YES;
				CLANG_ENABLE_OBJC_WEAK = YES;
				CLANG_WARN_BLOCK_CAPTURE_AUTORELEASING = YES;
				CLANG_WARN_BOOL_CONVERSION = YES;
				CLANG_WARN_COMMA = YES;
				CLANG_WARN_CONSTANT_CONVERSION = YES;
				CLANG_WARN_DEPRECATED_OBJC_IMPLEMENTATIONS = YES;
				CLANG_WARN_DIRECT_OBJC_ISA_USAGE = YES_ERROR;
				CLANG_WARN_DOCUMENTATION_COMMENTS = YES;
				CLANG_WARN_EMPTY_BODY = YES;
				CLANG_WARN_ENUM_CONVERSION = YES;
				CLANG_WARN_INFINITE_RECURSION = YES;
				CLANG_WARN_INT_CONVERSION = YES;
				CLANG_WARN_NON_LITERAL_NULL_CONVERSION = YES;
				CLANG_WARN_OBJC_IMPLICIT_RETAIN_SELF = YES;
				CLANG_WARN_OBJC_LITERAL_CONVERSION = YES;
				CLANG_WARN_OBJC_ROOT_CLASS = YES_ERROR;
				CLANG_WARN_RANGE_LOOP_ANALYSIS = YES;
				CLANG_WARN_STRICT_PROTOTYPES = YES;
				CLANG_WARN_SUSPICIOUS_MOVE = YES;
				CLANG_WARN_UNGUARDED_AVAILABILITY = YES_AGGRESSIVE;
				CLANG_WARN_UNREACHABLE_CODE = YES;
				CLANG_WARN__DUPLICATE_METHOD_MATCH = YES;
				COPY_PHASE_STRIP = NO;
				DEBUG_INFORMATION_FORMAT = dwarf;
				ENABLE_STRICT_OBJC_MSGSEND = YES;
				ENABLE_TESTABILITY = YES;
				GCC_C_LANGUAGE_STANDARD = gnu11;
				GCC_DYNAMIC_NO_PIC = NO;
				GCC_NO_COMMON_BLOCKS = YES;
				GCC_OPTIMIZATION_LEVEL = 0;
				GCC_PREPROCESSOR_DEFINITIONS = (
					"DEBUG=1",
					"$(inherited)",
				);
				GCC_WARN_64_TO_32_BIT_CONVERSION = YES;
				GCC_WARN_ABOUT_RETURN_TYPE = YES_ERROR;
				GCC_WARN_UNDECLARED_SELECTOR = YES;
				GCC_WARN_UNINITIALIZED_AUTOS = YES_AGGRESSIVE;
				GCC_WARN_UNUSED_FUNCTION = YES;
				GCC_WARN_UNUSED_VARIABLE = YES;
				IPHONEOS_DEPLOYMENT_TARGET = 13.7;
				MTL_ENABLE_DEBUG_INFO = INCLUDE_SOURCE;
				MTL_FAST_MATH = YES;
				ONLY_ACTIVE_ARCH = YES;
				SDKROOT = iphoneos;
				SWIFT_ACTIVE_COMPILATION_CONDITIONS = DEBUG;
				SWIFT_OPTIMIZATION_LEVEL = "-Onone";
			};
			name = Debug;
		};
		328C2CB1255DD34300F92D6B /* Release */ = {
			isa = XCBuildConfiguration;
			buildSettings = {
				ALWAYS_SEARCH_USER_PATHS = NO;
				CLANG_ANALYZER_NONNULL = YES;
				CLANG_ANALYZER_NUMBER_OBJECT_CONVERSION = YES_AGGRESSIVE;
				CLANG_CXX_LANGUAGE_STANDARD = "gnu++14";
				CLANG_CXX_LIBRARY = "libc++";
				CLANG_ENABLE_MODULES = YES;
				CLANG_ENABLE_OBJC_ARC = YES;
				CLANG_ENABLE_OBJC_WEAK = YES;
				CLANG_WARN_BLOCK_CAPTURE_AUTORELEASING = YES;
				CLANG_WARN_BOOL_CONVERSION = YES;
				CLANG_WARN_COMMA = YES;
				CLANG_WARN_CONSTANT_CONVERSION = YES;
				CLANG_WARN_DEPRECATED_OBJC_IMPLEMENTATIONS = YES;
				CLANG_WARN_DIRECT_OBJC_ISA_USAGE = YES_ERROR;
				CLANG_WARN_DOCUMENTATION_COMMENTS = YES;
				CLANG_WARN_EMPTY_BODY = YES;
				CLANG_WARN_ENUM_CONVERSION = YES;
				CLANG_WARN_INFINITE_RECURSION = YES;
				CLANG_WARN_INT_CONVERSION = YES;
				CLANG_WARN_NON_LITERAL_NULL_CONVERSION = YES;
				CLANG_WARN_OBJC_IMPLICIT_RETAIN_SELF = YES;
				CLANG_WARN_OBJC_LITERAL_CONVERSION = YES;
				CLANG_WARN_OBJC_ROOT_CLASS = YES_ERROR;
				CLANG_WARN_RANGE_LOOP_ANALYSIS = YES;
				CLANG_WARN_STRICT_PROTOTYPES = YES;
				CLANG_WARN_SUSPICIOUS_MOVE = YES;
				CLANG_WARN_UNGUARDED_AVAILABILITY = YES_AGGRESSIVE;
				CLANG_WARN_UNREACHABLE_CODE = YES;
				CLANG_WARN__DUPLICATE_METHOD_MATCH = YES;
				COPY_PHASE_STRIP = NO;
				DEBUG_INFORMATION_FORMAT = "dwarf-with-dsym";
				ENABLE_NS_ASSERTIONS = NO;
				ENABLE_STRICT_OBJC_MSGSEND = YES;
				GCC_C_LANGUAGE_STANDARD = gnu11;
				GCC_NO_COMMON_BLOCKS = YES;
				GCC_WARN_64_TO_32_BIT_CONVERSION = YES;
				GCC_WARN_ABOUT_RETURN_TYPE = YES_ERROR;
				GCC_WARN_UNDECLARED_SELECTOR = YES;
				GCC_WARN_UNINITIALIZED_AUTOS = YES_AGGRESSIVE;
				GCC_WARN_UNUSED_FUNCTION = YES;
				GCC_WARN_UNUSED_VARIABLE = YES;
				IPHONEOS_DEPLOYMENT_TARGET = 13.7;
				MTL_ENABLE_DEBUG_INFO = NO;
				MTL_FAST_MATH = YES;
				SDKROOT = iphoneos;
				SWIFT_COMPILATION_MODE = wholemodule;
				SWIFT_OPTIMIZATION_LEVEL = "-O";
				VALIDATE_PRODUCT = YES;
			};
			name = Release;
		};
		328C2CB3255DD34300F92D6B /* Debug */ = {
			isa = XCBuildConfiguration;
			buildSettings = {
				ASSETCATALOG_COMPILER_APPICON_NAME = AppIcon;
				CODE_SIGN_STYLE = Automatic;
				INFOPLIST_FILE = finalappMultiply/Info.plist;
				LD_RUNPATH_SEARCH_PATHS = (
					"$(inherited)",
					"@executable_path/Frameworks",
				);
				PRODUCT_BUNDLE_IDENTIFIER = org.d214.jhhs621162.finalappMultiply;
				PRODUCT_NAME = "$(TARGET_NAME)";
				SWIFT_VERSION = 5.0;
				TARGETED_DEVICE_FAMILY = "1,2";
			};
			name = Debug;
		};
		328C2CB4255DD34300F92D6B /* Release */ = {
			isa = XCBuildConfiguration;
			buildSettings = {
				ASSETCATALOG_COMPILER_APPICON_NAME = AppIcon;
				CODE_SIGN_STYLE = Automatic;
				INFOPLIST_FILE = finalappMultiply/Info.plist;
				LD_RUNPATH_SEARCH_PATHS = (
					"$(inherited)",
					"@executable_path/Frameworks",
				);
				PRODUCT_BUNDLE_IDENTIFIER = org.d214.jhhs621162.finalappMultiply;
				PRODUCT_NAME = "$(TARGET_NAME)";
				SWIFT_VERSION = 5.0;
				TARGETED_DEVICE_FAMILY = "1,2";
			};
			name = Release;
		};
/* End XCBuildConfiguration section */

/* Begin XCConfigurationList section */
		328C2C99255DD33E00F92D6B /* Build configuration list for PBXProject "finalappMultiply" */ = {
			isa = XCConfigurationList;
			buildConfigurations = (
				328C2CB0255DD34300F92D6B /* Debug */,
				328C2CB1255DD34300F92D6B /* Release */,
			);
			defaultConfigurationIsVisible = 0;
			defaultConfigurationName = Release;
		};
		328C2CB2255DD34300F92D6B /* Build configuration list for PBXNativeTarget "finalappMultiply" */ = {
			isa = XCConfigurationList;
			buildConfigurations = (
				328C2CB3255DD34300F92D6B /* Debug */,
				328C2CB4255DD34300F92D6B /* Release */,
			);
			defaultConfigurationIsVisible = 0;
			defaultConfigurationName = Release;
		};
/* End XCConfigurationList section */
	};
	rootObject = 328C2C96255DD33E00F92D6B /* Project object */;
}
